
Microsoft Visual Studio Solution File, Format Version 12.00
# Visual Studio Version 17
VisualStudioVersion = 17.1.32228.430
MinimumVisualStudioVersion = 10.0.40219.1
Project("{FAE04EC0-301F-11D3-BF4B-00C04F79EFBC}") = "Sales.by.Match", "Sales.by.Match.csproj", "{C2C7859A-725B-4786-AAAA-FE0E0527CA6F}"
EndProject
Global
	GlobalSection(SolutionConfigurationPlatforms) = preSolution
		Debug|Any CPU = Debug|Any CPU
		Release|Any CPU = Release|Any CPU
	EndGlobalSection
	GlobalSection(ProjectConfigurationPlatforms) = postSolution
		{C2C7859A-725B-4786-AAAA-FE0E0527CA6F}.Debug|Any CPU.ActiveCfg = Debug|Any CPU
		{C2C7859A-725B-4786-AAAA-FE0E0527CA6F}.Debug|Any CPU.Build.0 = Debug|Any CPU
		{C2C7859A-725B-4786-AAAA-FE0E0527CA6F}.Release|Any CPU.ActiveCfg = Release|Any CPU
		{C2C7859A-725B-4786-AAAA-FE0E0527CA6F}.Release|Any CPU.Build.0 = Release|Any CPU
	EndGlobalSection
	GlobalSection(SolutionProperties) = preSolution
		HideSolutionNode = FALSE
	EndGlobalSection
	GlobalSection(ExtensibilityGlobals) = postSolution
		SolutionGuid = {6D39ED81-913E-418C-9EC5-C4D09FBD3495}
	EndGlobalSection
EndGlobal
