
Microsoft Visual Studio Solution File, Format Version 12.00
# Visual Studio Version 17
VisualStudioVersion = 17.1.32228.430
MinimumVisualStudioVersion = 10.0.40219.1
Project("{FAE04EC0-301F-11D3-BF4B-00C04F79EFBC}") = "ebob_ekok", "ebob_ekok.csproj", "{A5095472-7D76-49FD-8DAB-FA42CA61761C}"
EndProject
Global
	GlobalSection(SolutionConfigurationPlatforms) = preSolution
		Debug|Any CPU = Debug|Any CPU
		Release|Any CPU = Release|Any CPU
	EndGlobalSection
	GlobalSection(ProjectConfigurationPlatforms) = postSolution
		{A5095472-7D76-49FD-8DAB-FA42CA61761C}.Debug|Any CPU.ActiveCfg = Debug|Any CPU
		{A5095472-7D76-49FD-8DAB-FA42CA61761C}.Debug|Any CPU.Build.0 = Debug|Any CPU
		{A5095472-7D76-49FD-8DAB-FA42CA61761C}.Release|Any CPU.ActiveCfg = Release|Any CPU
		{A5095472-7D76-49FD-8DAB-FA42CA61761C}.Release|Any CPU.Build.0 = Release|Any CPU
	EndGlobalSection
	GlobalSection(SolutionProperties) = preSolution
		HideSolutionNode = FALSE
	EndGlobalSection
	GlobalSection(ExtensibilityGlobals) = postSolution
		SolutionGuid = {17E49CAD-916F-4236-B029-43DD8426DC56}
	EndGlobalSection
EndGlobal
