
Microsoft Visual Studio Solution File, Format Version 12.00
# Visual Studio Version 17
VisualStudioVersion = 17.1.32228.430
MinimumVisualStudioVersion = 10.0.40219.1
Project("{FAE04EC0-301F-11D3-BF4B-00C04F79EFBC}") = "Number.Line.Jumps", "Number.Line.Jumps.csproj", "{27A13B95-32D8-49A5-B27E-D4F4D79C0D09}"
EndProject
Global
	GlobalSection(SolutionConfigurationPlatforms) = preSolution
		Debug|Any CPU = Debug|Any CPU
		Release|Any CPU = Release|Any CPU
	EndGlobalSection
	GlobalSection(ProjectConfigurationPlatforms) = postSolution
		{27A13B95-32D8-49A5-B27E-D4F4D79C0D09}.Debug|Any CPU.ActiveCfg = Debug|Any CPU
		{27A13B95-32D8-49A5-B27E-D4F4D79C0D09}.Debug|Any CPU.Build.0 = Debug|Any CPU
		{27A13B95-32D8-49A5-B27E-D4F4D79C0D09}.Release|Any CPU.ActiveCfg = Release|Any CPU
		{27A13B95-32D8-49A5-B27E-D4F4D79C0D09}.Release|Any CPU.Build.0 = Release|Any CPU
	EndGlobalSection
	GlobalSection(SolutionProperties) = preSolution
		HideSolutionNode = FALSE
	EndGlobalSection
	GlobalSection(ExtensibilityGlobals) = postSolution
		SolutionGuid = {C0C54F54-A7E5-4E64-BB0B-4663D7F812DD}
	EndGlobalSection
EndGlobal
