
Microsoft Visual Studio Solution File, Format Version 12.00
# Visual Studio Version 17
VisualStudioVersion = 17.1.32228.430
MinimumVisualStudioVersion = 10.0.40219.1
Project("{FAE04EC0-301F-11D3-BF4B-00C04F79EFBC}") = "Divisible Sum Pairs", "Divisible Sum Pairs.csproj", "{A3E2517C-3949-4BAC-A043-F861B32EC41A}"
EndProject
Global
	GlobalSection(SolutionConfigurationPlatforms) = preSolution
		Debug|Any CPU = Debug|Any CPU
		Release|Any CPU = Release|Any CPU
	EndGlobalSection
	GlobalSection(ProjectConfigurationPlatforms) = postSolution
		{A3E2517C-3949-4BAC-A043-F861B32EC41A}.Debug|Any CPU.ActiveCfg = Debug|Any CPU
		{A3E2517C-3949-4BAC-A043-F861B32EC41A}.Debug|Any CPU.Build.0 = Debug|Any CPU
		{A3E2517C-3949-4BAC-A043-F861B32EC41A}.Release|Any CPU.ActiveCfg = Release|Any CPU
		{A3E2517C-3949-4BAC-A043-F861B32EC41A}.Release|Any CPU.Build.0 = Release|Any CPU
	EndGlobalSection
	GlobalSection(SolutionProperties) = preSolution
		HideSolutionNode = FALSE
	EndGlobalSection
	GlobalSection(ExtensibilityGlobals) = postSolution
		SolutionGuid = {505F0D80-8D67-4D6B-AF9B-6989461CA1D1}
	EndGlobalSection
EndGlobal
